<Solution>
  <Folder Name="/Core/">
    <Project Path="Core/Rikarin.Skala.Core/Rikarin.Skala.Core.csproj" />
    <Project Path="Core/Rikarin.Skala.Core.Tests/Rikarin.Skala.Core.Tests.csproj" />
    <Project Path="Core/Rikarin.Skala.Options/Rikarin.Skala.Options.csproj" />
    <Project Path="Core/Rikarin.Skala.Options.Generator/Rikarin.Skala.Options.Generator.csproj" />
    <Project Path="Core/Rikarin.Skala.Options.Tests/Rikarin.Skala.Options.Tests.csproj" />
  </Folder>
  <Folder Name="/Tools/">
    <Project Path="Tools/Rikarin.Skala.Cli/Rikarin.Skala.Cli.csproj" />
    <Project Path="Tools/Rikarin.Skala.Cli.Tests/Rikarin.Skala.Cli.Tests.csproj" />
  </Folder>
</Solution>
