<Solution>
  <Folder Name="/Core/">
    <Project Path="Core/Rikarin.Skala.Core/Rikarin.Skala.Core.csproj" />
    <Project Path="Core/Rikarin.Skala.Core.Tests/Rikarin.Skala.Core.Tests.csproj" />
    <Project Path="Core/Rikarin.Skala.Options/Rikarin.Skala.Options.csproj" />
    <Project Path="Core/Rikarin.Skala.Options.Generator/Rikarin.Skala.Options.Generator.csproj" />
    <Project Path="Core/Rikarin.Skala.Options.Tests/Rikarin.Skala.Options.Tests.csproj" />
  </Folder>
  <Folder Name="/Formatting/">
    <Project Path="Formatting/Rikarin.Skala.Formatting/Rikarin.Skala.Formatting.csproj" />
    <Project Path="Formatting/Rikarin.Skala.Formatting.Tests/Rikarin.Skala.Formatting.Tests.csproj" />
    <Project Path="Formatting/Rikarin.Skala.Formatting.CSharp/Rikarin.Skala.Formatting.CSharp.csproj" />
    <Project Path="Formatting/Rikarin.Skala.Formatting.CSharp.Tests/Rikarin.Skala.Formatting.CSharp.Tests.csproj" />
  </Folder>
  <Folder Name="/Testing/">
    <Project Path="Testing/Rikarin.Skala.Testing/Rikarin.Skala.Testing.csproj" />
    <Project Path="Testing/Rikarin.Skala.Conformance.Tests/Rikarin.Skala.Conformance.Tests.csproj" />
  </Folder>
  <Folder Name="/Tools/">
    <Project Path="Tools/Rikarin.Skala.Cli/Rikarin.Skala.Cli.csproj" />
    <Project Path="Tools/Rikarin.Skala.Cli.Tests/Rikarin.Skala.Cli.Tests.csproj" />
    <Project Path="Tools/Rikarin.Skala.Server/Rikarin.Skala.Server.csproj" />
    <Project Path="Tools/Rikarin.Skala.Server.Tests/Rikarin.Skala.Server.Tests.csproj" />
  </Folder>
</Solution>
